
Microsoft Visual Studio Solution File, Format Version 12.00
# Visual Studio Version 17
VisualStudioVersion = 17.3.32901.215
MinimumVisualStudioVersion = 10.0.40219.1
Project("{9A19103F-16F7-4668-BE54-9A1E7A4F7556}") = "Exercisio02_01", "Exercisios_Aula02\Exercisio02_01.csproj", "{2AAE67D7-94BD-470B-AA53-DDDAC53BDA9D}"
EndProject
Project("{9A19103F-16F7-4668-BE54-9A1E7A4F7556}") = "Exercisio02_02", "Exercisio02_02\Exercisio02_02.csproj", "{6CFEB632-B547-4B3F-9E04-CF296D9ACC16}"
EndProject
Project("{9A19103F-16F7-4668-BE54-9A1E7A4F7556}") = "Exercisio02_03", "Exercisio02_03\Exercisio02_03.csproj", "{B400652B-86E0-467C-B33D-83475BBB2804}"
EndProject
Project("{9A19103F-16F7-4668-BE54-9A1E7A4F7556}") = "Exercisio02_04", "Exercisio02_04\Exercisio02_04.csproj", "{619CE4AC-A679-4811-B518-804CF21BE9DE}"
EndProject
Project("{9A19103F-16F7-4668-BE54-9A1E7A4F7556}") = "Exercisio02_05", "Exercisio02_05\Exercisio02_05.csproj", "{E9D61DDC-EC87-453F-AAD5-AB6FF26E5811}"
EndProject
Project("{9A19103F-16F7-4668-BE54-9A1E7A4F7556}") = "Exercisio03_03_A", "Exercisios_03_03_A\Exercisio03_03_A.csproj", "{5439CDAE-834D-418C-935E-CD3B15B5F5F1}"
EndProject
Project("{9A19103F-16F7-4668-BE54-9A1E7A4F7556}") = "Exercisio03_03_B", "Exercisios_03_03_B\Exercisio03_03_B.csproj", "{9BCF1CD6-6313-48BF-9335-8D781AE8D5A2}"
EndProject
Project("{9A19103F-16F7-4668-BE54-9A1E7A4F7556}") = "Exercisio03_03_E", "Exercisios_03_03_E\Exercisio03_03_E.csproj", "{5D3762F6-2717-4E93-85E1-6DF254A513CA}"
EndProject
Project("{9A19103F-16F7-4668-BE54-9A1E7A4F7556}") = "Exercisio03_03_C", "Exercisios03_03_C\Exercisio03_03_C.csproj", "{38F1CC30-B65C-4ACE-BE31-D0AED0898B12}"
EndProject
Project("{9A19103F-16F7-4668-BE54-9A1E7A4F7556}") = "Exercisio03_03_D", "Exercisio03_03_D\Exercisio03_03_D.csproj", "{EF73C1BB-5F2B-4CE4-8C2D-DD9BC160CA17}"
EndProject
Project("{9A19103F-16F7-4668-BE54-9A1E7A4F7556}") = "Exercisio03_03_F", "Exercisio03_03_F\Exercisio03_03_F.csproj", "{C73E5EC2-D1A9-4C8D-B3F2-70D2348D994C}"
EndProject
Project("{9A19103F-16F7-4668-BE54-9A1E7A4F7556}") = "Exercisio03_03_G", "Exercisios03_03_G\Exercisio03_03_G.csproj", "{82DB6081-9F8F-4781-916D-BDFD3E842F60}"
EndProject
Project("{9A19103F-16F7-4668-BE54-9A1E7A4F7556}") = "Exercisio03_03_G_1", "Exercisio03_03_G_1\Exercisio03_03_G_1.csproj", "{2AB444F1-32CE-4FEE-9358-30035E414E72}"
EndProject
Project("{9A19103F-16F7-4668-BE54-9A1E7A4F7556}") = "Exercisio03_03_i", "Exercisio03_03_i\Exercisio03_03_i.csproj", "{AE065A2A-7CB2-4531-BD72-EDB65C73172E}"
EndProject
Project("{9A19103F-16F7-4668-BE54-9A1E7A4F7556}") = "Exercisio03_03_H", "Exercisio03_03_H\Exercisio03_03_H.csproj", "{56CB448E-D482-4AC8-AFC8-66A8BFEEA189}"
EndProject
Project("{9A19103F-16F7-4668-BE54-9A1E7A4F7556}") = "Exercisio04_01", "Exercisio04_01\Exercisio04_01.csproj", "{87FEB0FF-0E32-4675-871C-7FA1172661FC}"
EndProject
Project("{9A19103F-16F7-4668-BE54-9A1E7A4F7556}") = "Exercisio04_02", "Exercisio04_02\Exercisio04_02.csproj", "{72DDC131-5181-4FCC-8122-36522A67D972}"
EndProject
Project("{9A19103F-16F7-4668-BE54-9A1E7A4F7556}") = "Exercisio04_03", "Exercisio04_03\Exercisio04_03.csproj", "{29DB21F3-2E59-41AD-970E-B3139D68EE59}"
EndProject
Project("{9A19103F-16F7-4668-BE54-9A1E7A4F7556}") = "Exercisio04_04", "Exercisio04_04\Exercisio04_04.csproj", "{870CCBFA-3B47-4B5C-B9EF-DBE69AE1D0E4}"
EndProject
Project("{9A19103F-16F7-4668-BE54-9A1E7A4F7556}") = "Exercisio04_05", "Exercisio04_05\Exercisio04_05.csproj", "{2AB87D17-6F88-46B1-9F98-7EAC79B30607}"
EndProject
Project("{9A19103F-16F7-4668-BE54-9A1E7A4F7556}") = "Teste", "Teste\Teste.csproj", "{6E50A8E7-D6CC-460C-8C45-18BFDE20E5AC}"
EndProject
Project("{FAE04EC0-301F-11D3-BF4B-00C04F79EFBC}") = "Exercisio05_07", "Exercisio05_07\Exercisio05_07.csproj", "{CC341508-BA40-4EBF-98C3-31D9DC3AA81F}"
EndProject
Global
	GlobalSection(SolutionConfigurationPlatforms) = preSolution
		Debug|Any CPU = Debug|Any CPU
		Release|Any CPU = Release|Any CPU
	EndGlobalSection
	GlobalSection(ProjectConfigurationPlatforms) = postSolution
		{2AAE67D7-94BD-470B-AA53-DDDAC53BDA9D}.Debug|Any CPU.ActiveCfg = Debug|Any CPU
		{2AAE67D7-94BD-470B-AA53-DDDAC53BDA9D}.Debug|Any CPU.Build.0 = Debug|Any CPU
		{2AAE67D7-94BD-470B-AA53-DDDAC53BDA9D}.Release|Any CPU.ActiveCfg = Release|Any CPU
		{2AAE67D7-94BD-470B-AA53-DDDAC53BDA9D}.Release|Any CPU.Build.0 = Release|Any CPU
		{6CFEB632-B547-4B3F-9E04-CF296D9ACC16}.Debug|Any CPU.ActiveCfg = Debug|Any CPU
		{6CFEB632-B547-4B3F-9E04-CF296D9ACC16}.Debug|Any CPU.Build.0 = Debug|Any CPU
		{6CFEB632-B547-4B3F-9E04-CF296D9ACC16}.Release|Any CPU.ActiveCfg = Release|Any CPU
		{6CFEB632-B547-4B3F-9E04-CF296D9ACC16}.Release|Any CPU.Build.0 = Release|Any CPU
		{B400652B-86E0-467C-B33D-83475BBB2804}.Debug|Any CPU.ActiveCfg = Debug|Any CPU
		{B400652B-86E0-467C-B33D-83475BBB2804}.Debug|Any CPU.Build.0 = Debug|Any CPU
		{B400652B-86E0-467C-B33D-83475BBB2804}.Release|Any CPU.ActiveCfg = Release|Any CPU
		{B400652B-86E0-467C-B33D-83475BBB2804}.Release|Any CPU.Build.0 = Release|Any CPU
		{619CE4AC-A679-4811-B518-804CF21BE9DE}.Debug|Any CPU.ActiveCfg = Debug|Any CPU
		{619CE4AC-A679-4811-B518-804CF21BE9DE}.Debug|Any CPU.Build.0 = Debug|Any CPU
		{619CE4AC-A679-4811-B518-804CF21BE9DE}.Release|Any CPU.ActiveCfg = Release|Any CPU
		{619CE4AC-A679-4811-B518-804CF21BE9DE}.Release|Any CPU.Build.0 = Release|Any CPU
		{E9D61DDC-EC87-453F-AAD5-AB6FF26E5811}.Debug|Any CPU.ActiveCfg = Debug|Any CPU
		{E9D61DDC-EC87-453F-AAD5-AB6FF26E5811}.Debug|Any CPU.Build.0 = Debug|Any CPU
		{E9D61DDC-EC87-453F-AAD5-AB6FF26E5811}.Release|Any CPU.ActiveCfg = Release|Any CPU
		{E9D61DDC-EC87-453F-AAD5-AB6FF26E5811}.Release|Any CPU.Build.0 = Release|Any CPU
		{5439CDAE-834D-418C-935E-CD3B15B5F5F1}.Debug|Any CPU.ActiveCfg = Debug|Any CPU
		{5439CDAE-834D-418C-935E-CD3B15B5F5F1}.Debug|Any CPU.Build.0 = Debug|Any CPU
		{5439CDAE-834D-418C-935E-CD3B15B5F5F1}.Release|Any CPU.ActiveCfg = Release|Any CPU
		{5439CDAE-834D-418C-935E-CD3B15B5F5F1}.Release|Any CPU.Build.0 = Release|Any CPU
		{9BCF1CD6-6313-48BF-9335-8D781AE8D5A2}.Debug|Any CPU.ActiveCfg = Debug|Any CPU
		{9BCF1CD6-6313-48BF-9335-8D781AE8D5A2}.Debug|Any CPU.Build.0 = Debug|Any CPU
		{9BCF1CD6-6313-48BF-9335-8D781AE8D5A2}.Release|Any CPU.ActiveCfg = Release|Any CPU
		{9BCF1CD6-6313-48BF-9335-8D781AE8D5A2}.Release|Any CPU.Build.0 = Release|Any CPU
		{5D3762F6-2717-4E93-85E1-6DF254A513CA}.Debug|Any CPU.ActiveCfg = Debug|Any CPU
		{5D3762F6-2717-4E93-85E1-6DF254A513CA}.Debug|Any CPU.Build.0 = Debug|Any CPU
		{5D3762F6-2717-4E93-85E1-6DF254A513CA}.Release|Any CPU.ActiveCfg = Release|Any CPU
		{5D3762F6-2717-4E93-85E1-6DF254A513CA}.Release|Any CPU.Build.0 = Release|Any CPU
		{38F1CC30-B65C-4ACE-BE31-D0AED0898B12}.Debug|Any CPU.ActiveCfg = Debug|Any CPU
		{38F1CC30-B65C-4ACE-BE31-D0AED0898B12}.Debug|Any CPU.Build.0 = Debug|Any CPU
		{38F1CC30-B65C-4ACE-BE31-D0AED0898B12}.Release|Any CPU.ActiveCfg = Release|Any CPU
		{38F1CC30-B65C-4ACE-BE31-D0AED0898B12}.Release|Any CPU.Build.0 = Release|Any CPU
		{EF73C1BB-5F2B-4CE4-8C2D-DD9BC160CA17}.Debug|Any CPU.ActiveCfg = Debug|Any CPU
		{EF73C1BB-5F2B-4CE4-8C2D-DD9BC160CA17}.Debug|Any CPU.Build.0 = Debug|Any CPU
		{EF73C1BB-5F2B-4CE4-8C2D-DD9BC160CA17}.Release|Any CPU.ActiveCfg = Release|Any CPU
		{EF73C1BB-5F2B-4CE4-8C2D-DD9BC160CA17}.Release|Any CPU.Build.0 = Release|Any CPU
		{C73E5EC2-D1A9-4C8D-B3F2-70D2348D994C}.Debug|Any CPU.ActiveCfg = Debug|Any CPU
		{C73E5EC2-D1A9-4C8D-B3F2-70D2348D994C}.Debug|Any CPU.Build.0 = Debug|Any CPU
		{C73E5EC2-D1A9-4C8D-B3F2-70D2348D994C}.Release|Any CPU.ActiveCfg = Release|Any CPU
		{C73E5EC2-D1A9-4C8D-B3F2-70D2348D994C}.Release|Any CPU.Build.0 = Release|Any CPU
		{82DB6081-9F8F-4781-916D-BDFD3E842F60}.Debug|Any CPU.ActiveCfg = Debug|Any CPU
		{82DB6081-9F8F-4781-916D-BDFD3E842F60}.Debug|Any CPU.Build.0 = Debug|Any CPU
		{82DB6081-9F8F-4781-916D-BDFD3E842F60}.Release|Any CPU.ActiveCfg = Release|Any CPU
		{82DB6081-9F8F-4781-916D-BDFD3E842F60}.Release|Any CPU.Build.0 = Release|Any CPU
		{2AB444F1-32CE-4FEE-9358-30035E414E72}.Debug|Any CPU.ActiveCfg = Debug|Any CPU
		{2AB444F1-32CE-4FEE-9358-30035E414E72}.Debug|Any CPU.Build.0 = Debug|Any CPU
		{2AB444F1-32CE-4FEE-9358-30035E414E72}.Release|Any CPU.ActiveCfg = Release|Any CPU
		{2AB444F1-32CE-4FEE-9358-30035E414E72}.Release|Any CPU.Build.0 = Release|Any CPU
		{AE065A2A-7CB2-4531-BD72-EDB65C73172E}.Debug|Any CPU.ActiveCfg = Debug|Any CPU
		{AE065A2A-7CB2-4531-BD72-EDB65C73172E}.Debug|Any CPU.Build.0 = Debug|Any CPU
		{AE065A2A-7CB2-4531-BD72-EDB65C73172E}.Release|Any CPU.ActiveCfg = Release|Any CPU
		{AE065A2A-7CB2-4531-BD72-EDB65C73172E}.Release|Any CPU.Build.0 = Release|Any CPU
		{56CB448E-D482-4AC8-AFC8-66A8BFEEA189}.Debug|Any CPU.ActiveCfg = Debug|Any CPU
		{56CB448E-D482-4AC8-AFC8-66A8BFEEA189}.Debug|Any CPU.Build.0 = Debug|Any CPU
		{56CB448E-D482-4AC8-AFC8-66A8BFEEA189}.Release|Any CPU.ActiveCfg = Release|Any CPU
		{56CB448E-D482-4AC8-AFC8-66A8BFEEA189}.Release|Any CPU.Build.0 = Release|Any CPU
		{87FEB0FF-0E32-4675-871C-7FA1172661FC}.Debug|Any CPU.ActiveCfg = Debug|Any CPU
		{87FEB0FF-0E32-4675-871C-7FA1172661FC}.Debug|Any CPU.Build.0 = Debug|Any CPU
		{87FEB0FF-0E32-4675-871C-7FA1172661FC}.Release|Any CPU.ActiveCfg = Release|Any CPU
		{87FEB0FF-0E32-4675-871C-7FA1172661FC}.Release|Any CPU.Build.0 = Release|Any CPU
		{72DDC131-5181-4FCC-8122-36522A67D972}.Debug|Any CPU.ActiveCfg = Debug|Any CPU
		{72DDC131-5181-4FCC-8122-36522A67D972}.Debug|Any CPU.Build.0 = Debug|Any CPU
		{72DDC131-5181-4FCC-8122-36522A67D972}.Release|Any CPU.ActiveCfg = Release|Any CPU
		{72DDC131-5181-4FCC-8122-36522A67D972}.Release|Any CPU.Build.0 = Release|Any CPU
		{29DB21F3-2E59-41AD-970E-B3139D68EE59}.Debug|Any CPU.ActiveCfg = Debug|Any CPU
		{29DB21F3-2E59-41AD-970E-B3139D68EE59}.Debug|Any CPU.Build.0 = Debug|Any CPU
		{29DB21F3-2E59-41AD-970E-B3139D68EE59}.Release|Any CPU.ActiveCfg = Release|Any CPU
		{29DB21F3-2E59-41AD-970E-B3139D68EE59}.Release|Any CPU.Build.0 = Release|Any CPU
		{870CCBFA-3B47-4B5C-B9EF-DBE69AE1D0E4}.Debug|Any CPU.ActiveCfg = Debug|Any CPU
		{870CCBFA-3B47-4B5C-B9EF-DBE69AE1D0E4}.Debug|Any CPU.Build.0 = Debug|Any CPU
		{870CCBFA-3B47-4B5C-B9EF-DBE69AE1D0E4}.Release|Any CPU.ActiveCfg = Release|Any CPU
		{870CCBFA-3B47-4B5C-B9EF-DBE69AE1D0E4}.Release|Any CPU.Build.0 = Release|Any CPU
		{2AB87D17-6F88-46B1-9F98-7EAC79B30607}.Debug|Any CPU.ActiveCfg = Debug|Any CPU
		{2AB87D17-6F88-46B1-9F98-7EAC79B30607}.Debug|Any CPU.Build.0 = Debug|Any CPU
		{2AB87D17-6F88-46B1-9F98-7EAC79B30607}.Release|Any CPU.ActiveCfg = Release|Any CPU
		{2AB87D17-6F88-46B1-9F98-7EAC79B30607}.Release|Any CPU.Build.0 = Release|Any CPU
		{6E50A8E7-D6CC-460C-8C45-18BFDE20E5AC}.Debug|Any CPU.ActiveCfg = Debug|Any CPU
		{6E50A8E7-D6CC-460C-8C45-18BFDE20E5AC}.Debug|Any CPU.Build.0 = Debug|Any CPU
		{6E50A8E7-D6CC-460C-8C45-18BFDE20E5AC}.Release|Any CPU.ActiveCfg = Release|Any CPU
		{6E50A8E7-D6CC-460C-8C45-18BFDE20E5AC}.Release|Any CPU.Build.0 = Release|Any CPU
		{CC341508-BA40-4EBF-98C3-31D9DC3AA81F}.Debug|Any CPU.ActiveCfg = Debug|Any CPU
		{CC341508-BA40-4EBF-98C3-31D9DC3AA81F}.Debug|Any CPU.Build.0 = Debug|Any CPU
		{CC341508-BA40-4EBF-98C3-31D9DC3AA81F}.Release|Any CPU.ActiveCfg = Release|Any CPU
		{CC341508-BA40-4EBF-98C3-31D9DC3AA81F}.Release|Any CPU.Build.0 = Release|Any CPU
	EndGlobalSection
	GlobalSection(SolutionProperties) = preSolution
		HideSolutionNode = FALSE
	EndGlobalSection
	GlobalSection(ExtensibilityGlobals) = postSolution
		SolutionGuid = {73016372-11CA-4645-AD83-175DDB7D0ABF}
	EndGlobalSection
EndGlobal
